
Microsoft Visual Studio Solution File, Format Version 12.00
# Visual Studio Version 17
VisualStudioVersion = 17.1.32421.90
MinimumVisualStudioVersion = 10.0.40219.1
Project("{FAE04EC0-301F-11D3-BF4B-00C04F79EFBC}") = "ABSAHomework", "ABSAHomework\ABSAHomework.csproj", "{2E577818-A240-43A4-90C3-573523AB7299}"
EndProject
Project("{FAE04EC0-301F-11D3-BF4B-00C04F79EFBC}") = "Lib.Convertor", "Lib.Convertor\Lib.Convertor.csproj", "{48E0D9A2-DA85-4C57-86EA-EB1180CEA138}"
EndProject
Global
	GlobalSection(SolutionConfigurationPlatforms) = preSolution
		Debug|Any CPU = Debug|Any CPU
		Release|Any CPU = Release|Any CPU
	EndGlobalSection
	GlobalSection(ProjectConfigurationPlatforms) = postSolution
		{2E577818-A240-43A4-90C3-573523AB7299}.Debug|Any CPU.ActiveCfg = Debug|Any CPU
		{2E577818-A240-43A4-90C3-573523AB7299}.Debug|Any CPU.Build.0 = Debug|Any CPU
		{2E577818-A240-43A4-90C3-573523AB7299}.Release|Any CPU.ActiveCfg = Release|Any CPU
		{2E577818-A240-43A4-90C3-573523AB7299}.Release|Any CPU.Build.0 = Release|Any CPU
		{48E0D9A2-DA85-4C57-86EA-EB1180CEA138}.Debug|Any CPU.ActiveCfg = Debug|Any CPU
		{48E0D9A2-DA85-4C57-86EA-EB1180CEA138}.Debug|Any CPU.Build.0 = Debug|Any CPU
		{48E0D9A2-DA85-4C57-86EA-EB1180CEA138}.Release|Any CPU.ActiveCfg = Release|Any CPU
		{48E0D9A2-DA85-4C57-86EA-EB1180CEA138}.Release|Any CPU.Build.0 = Release|Any CPU
	EndGlobalSection
	GlobalSection(SolutionProperties) = preSolution
		HideSolutionNode = FALSE
	EndGlobalSection
	GlobalSection(ExtensibilityGlobals) = postSolution
		SolutionGuid = {055B0EF7-4D47-418C-A6D4-E83C87DD250D}
	EndGlobalSection
EndGlobal
